
Microsoft Visual Studio Solution File, Format Version 12.00
# Visual Studio Version 17
VisualStudioVersion = 17.2.32630.192
MinimumVisualStudioVersion = 10.0.40219.1
Project("{9A19103F-16F7-4668-BE54-9A1E7A4F7556}") = "PlatformService", "PlatformService.csproj", "{B48C991B-2CDA-464C-868A-D825B22F10BA}"
EndProject
Global
	GlobalSection(SolutionConfigurationPlatforms) = preSolution
		Debug|Any CPU = Debug|Any CPU
		Release|Any CPU = Release|Any CPU
	EndGlobalSection
	GlobalSection(ProjectConfigurationPlatforms) = postSolution
		{B48C991B-2CDA-464C-868A-D825B22F10BA}.Debug|Any CPU.ActiveCfg = Debug|Any CPU
		{B48C991B-2CDA-464C-868A-D825B22F10BA}.Debug|Any CPU.Build.0 = Debug|Any CPU
		{B48C991B-2CDA-464C-868A-D825B22F10BA}.Release|Any CPU.ActiveCfg = Release|Any CPU
		{B48C991B-2CDA-464C-868A-D825B22F10BA}.Release|Any CPU.Build.0 = Release|Any CPU
	EndGlobalSection
	GlobalSection(SolutionProperties) = preSolution
		HideSolutionNode = FALSE
	EndGlobalSection
	GlobalSection(ExtensibilityGlobals) = postSolution
		SolutionGuid = {730B8468-B6E8-45A7-9CC1-BCDD2586BE93}
	EndGlobalSection
EndGlobal
